// !$*UTF8*$!
{
	archiveVersion = 1;
	classes = {
	};
	objectVersion = 46;
	objects = {

/* Begin PBXBuildFile section */
		22CF11AE0EE9A8840054F513 /* mx-patconv.c in Sources */ = {isa = PBXBuildFile; fileRef = 22CF11AD0EE9A8840054F513 /* mx-patconv.c */; };
		B229227224FD400C007530F1 /* mx-player~.c in Sources */ = {isa = PBXBuildFile; fileRef = B2B16DDB24FD3370008E9021 /* mx-player~.c */; };
/* End PBXBuildFile section */

/* Begin PBXContainerItemProxy section */
		B21F637E24FD368C00EAA17D /* PBXContainerItemProxy */ = {
			isa = PBXContainerItemProxy;
			containerPortal = 089C1669FE841209C02AAC07 /* Project object */;
			proxyType = 1;
			remoteGlobalIDString = 2FBBEAD608F335360078DB84;
			remoteInfo = "mx-patconv";
		};
		B21F638024FD368E00EAA17D /* PBXContainerItemProxy */ = {
			isa = PBXContainerItemProxy;
			containerPortal = 089C1669FE841209C02AAC07 /* Project object */;
			proxyType = 1;
			remoteGlobalIDString = B26300BB24FD31A80020ADCF;
			remoteInfo = "mx-player~";
		};
/* End PBXContainerItemProxy section */

/* Begin PBXFileReference section */
		22CF10220EE984600054F513 /* maxmspsdk.xcconfig */ = {isa = PBXFileReference; fileEncoding = 4; lastKnownFileType = text.xcconfig; name = maxmspsdk.xcconfig; path = ../../maxmspsdk.xcconfig; sourceTree = SOURCE_ROOT; };
		22CF11AD0EE9A8840054F513 /* mx-patconv.c */ = {isa = PBXFileReference; fileEncoding = 4; lastKnownFileType = sourcecode.c.c; path = "mx-patconv.c"; sourceTree = "<group>"; };
		2FBBEAE508F335360078DB84 /* mx-patconv.mxo */ = {isa = PBXFileReference; explicitFileType = wrapper.cfbundle; includeInIndex = 0; path = "mx-patconv.mxo"; sourceTree = BUILT_PRODUCTS_DIR; };
		B21F637824FD367E00EAA17D /* build-all.bundle */ = {isa = PBXFileReference; explicitFileType = wrapper.cfbundle; includeInIndex = 0; path = "build-all.bundle"; sourceTree = BUILT_PRODUCTS_DIR; };
		B229226124FD3F92007530F1 /* mxp1.c */ = {isa = PBXFileReference; lastKnownFileType = sourcecode.c.c; name = mxp1.c; path = ../1.1.mxp1/mxp1.c; sourceTree = "<group>"; };
		B229226224FD3F92007530F1 /* mxp1~.c */ = {isa = PBXFileReference; lastKnownFileType = sourcecode.c.c; name = "mxp1~.c"; path = "../1.2.mxp1~/mxp1~.c"; sourceTree = "<group>"; };
		B229226424FD3FB7007530F1 /* mxp2.c */ = {isa = PBXFileReference; fileEncoding = 4; lastKnownFileType = sourcecode.c.c; name = mxp2.c; path = ../2.1.mxp2/mxp2.c; sourceTree = "<group>"; };
		B229226624FD3FBD007530F1 /* mxp2~.c */ = {isa = PBXFileReference; fileEncoding = 4; lastKnownFileType = sourcecode.c.c; name = "mxp2~.c"; path = "../2.2.mxp2~/mxp2~.c"; sourceTree = "<group>"; };
		B229226C24FD3FF1007530F1 /* mx-c~.c */ = {isa = PBXFileReference; lastKnownFileType = sourcecode.c.c; name = "mx-c~.c"; path = "../3.2.2.mx-c~/mx-c~.c"; sourceTree = "<group>"; };
		B229226D24FD3FF1007530F1 /* mx-e~.c */ = {isa = PBXFileReference; lastKnownFileType = sourcecode.c.c; name = "mx-e~.c"; path = "../3.3.2.mx-e~/mx-e~.c"; sourceTree = "<group>"; };
		B229226E24FD3FF1007530F1 /* mx-e.c */ = {isa = PBXFileReference; lastKnownFileType = sourcecode.c.c; name = "mx-e.c"; path = "../3.3.1.mx-e/mx-e.c"; sourceTree = "<group>"; };
		B229226F24FD3FF1007530F1 /* mx-c.c */ = {isa = PBXFileReference; lastKnownFileType = sourcecode.c.c; name = "mx-c.c"; path = "../3.2.1.mx-c/mx-c.c"; sourceTree = "<group>"; };
		B229227024FD3FF1007530F1 /* mx-b~.c */ = {isa = PBXFileReference; lastKnownFileType = sourcecode.c.c; name = "mx-b~.c"; path = "../3.1.2.mx-b~/mx-b~.c"; sourceTree = "<group>"; };
		B229227124FD3FF1007530F1 /* mx-b.c */ = {isa = PBXFileReference; lastKnownFileType = sourcecode.c.c; name = "mx-b.c"; path = "../3.1.1.mx-b/mx-b.c"; sourceTree = "<group>"; };
		B229227324FD4033007530F1 /* mx-3g.c */ = {isa = PBXFileReference; fileEncoding = 4; lastKnownFileType = sourcecode.c.c; name = "mx-3g.c"; path = "../4.1.mx-3g/mx-3g.c"; sourceTree = "<group>"; };
		B229227424FD4033007530F1 /* mx-3g~.c */ = {isa = PBXFileReference; fileEncoding = 4; lastKnownFileType = sourcecode.c.c; name = "mx-3g~.c"; path = "../4.2.mx-3g~/mx-3g~.c"; sourceTree = "<group>"; };
		B229227724FD404D007530F1 /* mx-autogroup.c */ = {isa = PBXFileReference; lastKnownFileType = sourcecode.c.c; name = "mx-autogroup.c"; path = "../5.3.mx-autogroup/mx-autogroup.c"; sourceTree = "<group>"; };
		B229227824FD404D007530F1 /* mx-permute-groups.c */ = {isa = PBXFileReference; lastKnownFileType = sourcecode.c.c; name = "mx-permute-groups.c"; path = "../5.2.mx-permute-groups/mx-permute-groups.c"; sourceTree = "<group>"; };
		B229227924FD404D007530F1 /* mx-permute.c */ = {isa = PBXFileReference; lastKnownFileType = sourcecode.c.c; name = "mx-permute.c"; path = "../5.1.mx-permute/mx-permute.c"; sourceTree = "<group>"; };
		B229227A24FD405F007530F1 /* mx-square.c */ = {isa = PBXFileReference; lastKnownFileType = sourcecode.c.c; name = "mx-square.c"; path = "../6.2.mx-square/mx-square.c"; sourceTree = "<group>"; };
		B229227B24FD405F007530F1 /* mx-cube.c */ = {isa = PBXFileReference; lastKnownFileType = sourcecode.c.c; name = "mx-cube.c"; path = "../6.1.mx-cube/mx-cube.c"; sourceTree = "<group>"; };
		B26300C524FD31A80020ADCF /* mx-player~.mxo */ = {isa = PBXFileReference; explicitFileType = wrapper.cfbundle; includeInIndex = 0; path = "mx-player~.mxo"; sourceTree = BUILT_PRODUCTS_DIR; };
		B2B16DDB24FD3370008E9021 /* mx-player~.c */ = {isa = PBXFileReference; fileEncoding = 4; lastKnownFileType = sourcecode.c.c; path = "mx-player~.c"; sourceTree = "<group>"; };
/* End PBXFileReference section */

/* Begin PBXFrameworksBuildPhase section */
		2FBBEADC08F335360078DB84 /* Frameworks */ = {
			isa = PBXFrameworksBuildPhase;
			buildActionMask = 2147483647;
			files = (
			);
			runOnlyForDeploymentPostprocessing = 0;
		};
		B21F637524FD367E00EAA17D /* Frameworks */ = {
			isa = PBXFrameworksBuildPhase;
			buildActionMask = 2147483647;
			files = (
			);
			runOnlyForDeploymentPostprocessing = 0;
		};
		B26300C024FD31A80020ADCF /* Frameworks */ = {
			isa = PBXFrameworksBuildPhase;
			buildActionMask = 2147483647;
			files = (
			);
			runOnlyForDeploymentPostprocessing = 0;
		};
/* End PBXFrameworksBuildPhase section */

/* Begin PBXGroup section */
		089C166AFE841209C02AAC07 /* iterator */ = {
			isa = PBXGroup;
			children = (
				22CF10220EE984600054F513 /* maxmspsdk.xcconfig */,
				B229224724FD3C54007530F1 /* 0 */,
				B229226024FD3F78007530F1 /* 1 */,
				B229226324FD3F9E007530F1 /* 2 */,
				B229226824FD3FD1007530F1 /* 3 */,
				B229226924FD3FD7007530F1 /* 4 */,
				B229226A24FD3FDB007530F1 /* 5 */,
				B229226B24FD3FE1007530F1 /* 6 */,
				19C28FB4FE9D528D11CA2CBB /* Products */,
			);
			name = iterator;
			sourceTree = "<group>";
		};
		19C28FB4FE9D528D11CA2CBB /* Products */ = {
			isa = PBXGroup;
			children = (
				2FBBEAE508F335360078DB84 /* mx-patconv.mxo */,
				B26300C524FD31A80020ADCF /* mx-player~.mxo */,
				B21F637824FD367E00EAA17D /* build-all.bundle */,
			);
			name = Products;
			sourceTree = "<group>";
		};
		B229224724FD3C54007530F1 /* 0 */ = {
			isa = PBXGroup;
			children = (
				22CF11AD0EE9A8840054F513 /* mx-patconv.c */,
				B2B16DDB24FD3370008E9021 /* mx-player~.c */,
			);
			name = 0;
			sourceTree = "<group>";
		};
		B229226024FD3F78007530F1 /* 1 */ = {
			isa = PBXGroup;
			children = (
				B229226124FD3F92007530F1 /* mxp1.c */,
				B229226224FD3F92007530F1 /* mxp1~.c */,
			);
			name = 1;
			sourceTree = "<group>";
		};
		B229226324FD3F9E007530F1 /* 2 */ = {
			isa = PBXGroup;
			children = (
				B229226424FD3FB7007530F1 /* mxp2.c */,
				B229226624FD3FBD007530F1 /* mxp2~.c */,
			);
			name = 2;
			sourceTree = "<group>";
		};
		B229226824FD3FD1007530F1 /* 3 */ = {
			isa = PBXGroup;
			children = (
				B229227124FD3FF1007530F1 /* mx-b.c */,
				B229227024FD3FF1007530F1 /* mx-b~.c */,
				B229226F24FD3FF1007530F1 /* mx-c.c */,
				B229226C24FD3FF1007530F1 /* mx-c~.c */,
				B229226E24FD3FF1007530F1 /* mx-e.c */,
				B229226D24FD3FF1007530F1 /* mx-e~.c */,
			);
			name = 3;
			sourceTree = "<group>";
		};
		B229226924FD3FD7007530F1 /* 4 */ = {
			isa = PBXGroup;
			children = (
				B229227324FD4033007530F1 /* mx-3g.c */,
				B229227424FD4033007530F1 /* mx-3g~.c */,
			);
			name = 4;
			sourceTree = "<group>";
		};
		B229226A24FD3FDB007530F1 /* 5 */ = {
			isa = PBXGroup;
			children = (
				B229227924FD404D007530F1 /* mx-permute.c */,
				B229227824FD404D007530F1 /* mx-permute-groups.c */,
				B229227724FD404D007530F1 /* mx-autogroup.c */,
			);
			name = 5;
			sourceTree = "<group>";
		};
		B229226B24FD3FE1007530F1 /* 6 */ = {
			isa = PBXGroup;
			children = (
				B229227A24FD405F007530F1 /* mx-square.c */,
				B229227B24FD405F007530F1 /* mx-cube.c */,
			);
			name = 6;
			sourceTree = "<group>";
		};
/* End PBXGroup section */

/* Begin PBXHeadersBuildPhase section */
		2FBBEAD708F335360078DB84 /* Headers */ = {
			isa = PBXHeadersBuildPhase;
			buildActionMask = 2147483647;
			files = (
			);
			runOnlyForDeploymentPostprocessing = 0;
		};
		B26300BC24FD31A80020ADCF /* Headers */ = {
			isa = PBXHeadersBuildPhase;
			buildActionMask = 2147483647;
			files = (
			);
			runOnlyForDeploymentPostprocessing = 0;
		};
/* End PBXHeadersBuildPhase section */

/* Begin PBXNativeTarget section */
		2FBBEAD608F335360078DB84 /* mx-patconv */ = {
			isa = PBXNativeTarget;
			buildConfigurationList = 2FBBEAE008F335360078DB84 /* Build configuration list for PBXNativeTarget "mx-patconv" */;
			buildPhases = (
				2FBBEAD708F335360078DB84 /* Headers */,
				2FBBEAD808F335360078DB84 /* Resources */,
				2FBBEADA08F335360078DB84 /* Sources */,
				2FBBEADC08F335360078DB84 /* Frameworks */,
				2FBBEADF08F335360078DB84 /* Rez */,
			);
			buildRules = (
			);
			dependencies = (
			);
			name = "mx-patconv";
			productName = iterator;
			productReference = 2FBBEAE508F335360078DB84 /* mx-patconv.mxo */;
			productType = "com.apple.product-type.bundle";
		};
		B21F637724FD367E00EAA17D /* build-all */ = {
			isa = PBXNativeTarget;
			buildConfigurationList = B21F637B24FD367E00EAA17D /* Build configuration list for PBXNativeTarget "build-all" */;
			buildPhases = (
				B21F637424FD367E00EAA17D /* Sources */,
				B21F637524FD367E00EAA17D /* Frameworks */,
				B21F637624FD367E00EAA17D /* Resources */,
			);
			buildRules = (
			);
			dependencies = (
				B21F637F24FD368C00EAA17D /* PBXTargetDependency */,
				B21F638124FD368E00EAA17D /* PBXTargetDependency */,
			);
			name = "build-all";
			productName = "build-all";
			productReference = B21F637824FD367E00EAA17D /* build-all.bundle */;
			productType = "com.apple.product-type.bundle";
		};
		B26300BB24FD31A80020ADCF /* mx-player~ */ = {
			isa = PBXNativeTarget;
			buildConfigurationList = B26300C224FD31A80020ADCF /* Build configuration list for PBXNativeTarget "mx-player~" */;
			buildPhases = (
				B26300BC24FD31A80020ADCF /* Headers */,
				B26300BD24FD31A80020ADCF /* Resources */,
				B26300BE24FD31A80020ADCF /* Sources */,
				B26300C024FD31A80020ADCF /* Frameworks */,
				B26300C124FD31A80020ADCF /* Rez */,
			);
			buildRules = (
			);
			dependencies = (
			);
			name = "mx-player~";
			productName = iterator;
			productReference = B26300C524FD31A80020ADCF /* mx-player~.mxo */;
			productType = "com.apple.product-type.bundle";
		};
/* End PBXNativeTarget section */

/* Begin PBXProject section */
		089C1669FE841209C02AAC07 /* Project object */ = {
			isa = PBXProject;
			attributes = {
				LastUpgradeCheck = 0940;
				TargetAttributes = {
					B21F637724FD367E00EAA17D = {
						CreatedOnToolsVersion = 11.6;
						ProvisioningStyle = Automatic;
					};
				};
			};
			buildConfigurationList = 2FBBEACF08F335010078DB84 /* Build configuration list for PBXProject "schillinger-externals" */;
			compatibilityVersion = "Xcode 3.2";
			developmentRegion = English;
			hasScannedForEncodings = 1;
			knownRegions = (
				English,
				en,
			);
			mainGroup = 089C166AFE841209C02AAC07 /* iterator */;
			projectDirPath = "";
			projectRoot = "";
			targets = (
				2FBBEAD608F335360078DB84 /* mx-patconv */,
				B26300BB24FD31A80020ADCF /* mx-player~ */,
				B21F637724FD367E00EAA17D /* build-all */,
			);
		};
/* End PBXProject section */

/* Begin PBXResourcesBuildPhase section */
		2FBBEAD808F335360078DB84 /* Resources */ = {
			isa = PBXResourcesBuildPhase;
			buildActionMask = 2147483647;
			files = (
			);
			runOnlyForDeploymentPostprocessing = 0;
		};
		B21F637624FD367E00EAA17D /* Resources */ = {
			isa = PBXResourcesBuildPhase;
			buildActionMask = 2147483647;
			files = (
			);
			runOnlyForDeploymentPostprocessing = 0;
		};
		B26300BD24FD31A80020ADCF /* Resources */ = {
			isa = PBXResourcesBuildPhase;
			buildActionMask = 2147483647;
			files = (
			);
			runOnlyForDeploymentPostprocessing = 0;
		};
/* End PBXResourcesBuildPhase section */

/* Begin PBXRezBuildPhase section */
		2FBBEADF08F335360078DB84 /* Rez */ = {
			isa = PBXRezBuildPhase;
			buildActionMask = 2147483647;
			files = (
			);
			runOnlyForDeploymentPostprocessing = 0;
		};
		B26300C124FD31A80020ADCF /* Rez */ = {
			isa = PBXRezBuildPhase;
			buildActionMask = 2147483647;
			files = (
			);
			runOnlyForDeploymentPostprocessing = 0;
		};
/* End PBXRezBuildPhase section */

/* Begin PBXSourcesBuildPhase section */
		2FBBEADA08F335360078DB84 /* Sources */ = {
			isa = PBXSourcesBuildPhase;
			buildActionMask = 2147483647;
			files = (
				22CF11AE0EE9A8840054F513 /* mx-patconv.c in Sources */,
			);
			runOnlyForDeploymentPostprocessing = 0;
		};
		B21F637424FD367E00EAA17D /* Sources */ = {
			isa = PBXSourcesBuildPhase;
			buildActionMask = 2147483647;
			files = (
			);
			runOnlyForDeploymentPostprocessing = 0;
		};
		B26300BE24FD31A80020ADCF /* Sources */ = {
			isa = PBXSourcesBuildPhase;
			buildActionMask = 2147483647;
			files = (
				B229227224FD400C007530F1 /* mx-player~.c in Sources */,
			);
			runOnlyForDeploymentPostprocessing = 0;
		};
/* End PBXSourcesBuildPhase section */

/* Begin PBXTargetDependency section */
		B21F637F24FD368C00EAA17D /* PBXTargetDependency */ = {
			isa = PBXTargetDependency;
			target = 2FBBEAD608F335360078DB84 /* mx-patconv */;
			targetProxy = B21F637E24FD368C00EAA17D /* PBXContainerItemProxy */;
		};
		B21F638124FD368E00EAA17D /* PBXTargetDependency */ = {
			isa = PBXTargetDependency;
			target = B26300BB24FD31A80020ADCF /* mx-player~ */;
			targetProxy = B21F638024FD368E00EAA17D /* PBXContainerItemProxy */;
		};
/* End PBXTargetDependency section */

/* Begin XCBuildConfiguration section */
		2FBBEAD008F335010078DB84 /* Development */ = {
			isa = XCBuildConfiguration;
			buildSettings = {
				CLANG_WARN_BLOCK_CAPTURE_AUTORELEASING = YES;
				CLANG_WARN_BOOL_CONVERSION = YES;
				CLANG_WARN_COMMA = YES;
				CLANG_WARN_CONSTANT_CONVERSION = YES;
				CLANG_WARN_DEPRECATED_OBJC_IMPLEMENTATIONS = YES;
				CLANG_WARN_EMPTY_BODY = YES;
				CLANG_WARN_ENUM_CONVERSION = YES;
				CLANG_WARN_INFINITE_RECURSION = YES;
				CLANG_WARN_INT_CONVERSION = YES;
				CLANG_WARN_NON_LITERAL_NULL_CONVERSION = YES;
				CLANG_WARN_OBJC_IMPLICIT_RETAIN_SELF = YES;
				CLANG_WARN_OBJC_LITERAL_CONVERSION = YES;
				CLANG_WARN_RANGE_LOOP_ANALYSIS = YES;
				CLANG_WARN_STRICT_PROTOTYPES = YES;
				CLANG_WARN_SUSPICIOUS_MOVE = YES;
				CLANG_WARN_UNREACHABLE_CODE = YES;
				CLANG_WARN__DUPLICATE_METHOD_MATCH = YES;
				ENABLE_STRICT_OBJC_MSGSEND = YES;
				ENABLE_TESTABILITY = YES;
				GCC_NO_COMMON_BLOCKS = YES;
				GCC_WARN_64_TO_32_BIT_CONVERSION = YES;
				GCC_WARN_ABOUT_RETURN_TYPE = YES;
				GCC_WARN_UNDECLARED_SELECTOR = YES;
				GCC_WARN_UNINITIALIZED_AUTOS = YES;
				GCC_WARN_UNUSED_FUNCTION = YES;
				GCC_WARN_UNUSED_VARIABLE = YES;
				ONLY_ACTIVE_ARCH = YES;
			};
			name = Development;
		};
		2FBBEAD108F335010078DB84 /* Deployment */ = {
			isa = XCBuildConfiguration;
			buildSettings = {
				CLANG_WARN_BLOCK_CAPTURE_AUTORELEASING = YES;
				CLANG_WARN_BOOL_CONVERSION = YES;
				CLANG_WARN_COMMA = YES;
				CLANG_WARN_CONSTANT_CONVERSION = YES;
				CLANG_WARN_DEPRECATED_OBJC_IMPLEMENTATIONS = YES;
				CLANG_WARN_EMPTY_BODY = YES;
				CLANG_WARN_ENUM_CONVERSION = YES;
				CLANG_WARN_INFINITE_RECURSION = YES;
				CLANG_WARN_INT_CONVERSION = YES;
				CLANG_WARN_NON_LITERAL_NULL_CONVERSION = YES;
				CLANG_WARN_OBJC_IMPLICIT_RETAIN_SELF = YES;
				CLANG_WARN_OBJC_LITERAL_CONVERSION = YES;
				CLANG_WARN_RANGE_LOOP_ANALYSIS = YES;
				CLANG_WARN_STRICT_PROTOTYPES = YES;
				CLANG_WARN_SUSPICIOUS_MOVE = YES;
				CLANG_WARN_UNREACHABLE_CODE = YES;
				CLANG_WARN__DUPLICATE_METHOD_MATCH = YES;
				ENABLE_STRICT_OBJC_MSGSEND = YES;
				GCC_NO_COMMON_BLOCKS = YES;
				GCC_WARN_64_TO_32_BIT_CONVERSION = YES;
				GCC_WARN_ABOUT_RETURN_TYPE = YES;
				GCC_WARN_UNDECLARED_SELECTOR = YES;
				GCC_WARN_UNINITIALIZED_AUTOS = YES;
				GCC_WARN_UNUSED_FUNCTION = YES;
				GCC_WARN_UNUSED_VARIABLE = YES;
			};
			name = Deployment;
		};
		2FBBEAE108F335360078DB84 /* Development */ = {
			isa = XCBuildConfiguration;
			baseConfigurationReference = 22CF10220EE984600054F513 /* maxmspsdk.xcconfig */;
			buildSettings = {
				CLANG_ENABLE_OBJC_WEAK = YES;
				COPY_PHASE_STRIP = NO;
				GCC_OPTIMIZATION_LEVEL = 0;
				OTHER_LDFLAGS = "$(C74_SYM_LINKER_FLAGS)";
				PRODUCT_NAME = "mx-patconv";
			};
			name = Development;
		};
		2FBBEAE208F335360078DB84 /* Deployment */ = {
			isa = XCBuildConfiguration;
			baseConfigurationReference = 22CF10220EE984600054F513 /* maxmspsdk.xcconfig */;
			buildSettings = {
				CLANG_ENABLE_OBJC_WEAK = YES;
				COPY_PHASE_STRIP = YES;
				OTHER_LDFLAGS = "$(C74_SYM_LINKER_FLAGS)";
				PRODUCT_NAME = "mx-patconv";
			};
			name = Deployment;
		};
		B21F637C24FD367E00EAA17D /* Development */ = {
			isa = XCBuildConfiguration;
			buildSettings = {
				ALWAYS_SEARCH_USER_PATHS = NO;
				CLANG_ANALYZER_NONNULL = YES;
				CLANG_ANALYZER_NUMBER_OBJECT_CONVERSION = YES_AGGRESSIVE;
				CLANG_CXX_LANGUAGE_STANDARD = "gnu++14";
				CLANG_CXX_LIBRARY = "libc++";
				CLANG_ENABLE_MODULES = YES;
				CLANG_ENABLE_OBJC_ARC = YES;
				CLANG_ENABLE_OBJC_WEAK = YES;
				CLANG_WARN_BLOCK_CAPTURE_AUTORELEASING = YES;
				CLANG_WARN_BOOL_CONVERSION = YES;
				CLANG_WARN_COMMA = YES;
				CLANG_WARN_CONSTANT_CONVERSION = YES;
				CLANG_WARN_DEPRECATED_OBJC_IMPLEMENTATIONS = YES;
				CLANG_WARN_DIRECT_OBJC_ISA_USAGE = YES_ERROR;
				CLANG_WARN_DOCUMENTATION_COMMENTS = YES;
				CLANG_WARN_EMPTY_BODY = YES;
				CLANG_WARN_ENUM_CONVERSION = YES;
				CLANG_WARN_INFINITE_RECURSION = YES;
				CLANG_WARN_INT_CONVERSION = YES;
				CLANG_WARN_NON_LITERAL_NULL_CONVERSION = YES;
				CLANG_WARN_OBJC_IMPLICIT_RETAIN_SELF = YES;
				CLANG_WARN_OBJC_LITERAL_CONVERSION = YES;
				CLANG_WARN_OBJC_ROOT_CLASS = YES_ERROR;
				CLANG_WARN_RANGE_LOOP_ANALYSIS = YES;
				CLANG_WARN_STRICT_PROTOTYPES = YES;
				CLANG_WARN_SUSPICIOUS_MOVE = YES;
				CLANG_WARN_UNGUARDED_AVAILABILITY = YES_AGGRESSIVE;
				CLANG_WARN_UNREACHABLE_CODE = YES;
				CLANG_WARN__DUPLICATE_METHOD_MATCH = YES;
				CODE_SIGN_STYLE = Automatic;
				COMBINE_HIDPI_IMAGES = YES;
				COPY_PHASE_STRIP = NO;
				DEBUG_INFORMATION_FORMAT = dwarf;
				ENABLE_STRICT_OBJC_MSGSEND = YES;
				ENABLE_TESTABILITY = YES;
				GCC_C_LANGUAGE_STANDARD = gnu11;
				GCC_DYNAMIC_NO_PIC = NO;
				GCC_NO_COMMON_BLOCKS = YES;
				GCC_OPTIMIZATION_LEVEL = 0;
				GCC_PREPROCESSOR_DEFINITIONS = (
					"DEBUG=1",
					"$(inherited)",
				);
				GCC_WARN_64_TO_32_BIT_CONVERSION = YES;
				GCC_WARN_ABOUT_RETURN_TYPE = YES_ERROR;
				GCC_WARN_UNDECLARED_SELECTOR = YES;
				GCC_WARN_UNINITIALIZED_AUTOS = YES_AGGRESSIVE;
				GCC_WARN_UNUSED_FUNCTION = YES;
				GCC_WARN_UNUSED_VARIABLE = YES;
				INSTALL_PATH = "$(LOCAL_LIBRARY_DIR)/Bundles";
				MACOSX_DEPLOYMENT_TARGET = 10.9;
				MTL_ENABLE_DEBUG_INFO = INCLUDE_SOURCE;
				MTL_FAST_MATH = YES;
				ONLY_ACTIVE_ARCH = YES;
				PRODUCT_BUNDLE_IDENTIFIER = "build-all";
				PRODUCT_NAME = "$(TARGET_NAME)";
				SDKROOT = macosx;
				SKIP_INSTALL = YES;
				WRAPPER_EXTENSION = bundle;
			};
			name = Development;
		};
		B21F637D24FD367E00EAA17D /* Deployment */ = {
			isa = XCBuildConfiguration;
			buildSettings = {
				ALWAYS_SEARCH_USER_PATHS = NO;
				CLANG_ANALYZER_NONNULL = YES;
				CLANG_ANALYZER_NUMBER_OBJECT_CONVERSION = YES_AGGRESSIVE;
				CLANG_CXX_LANGUAGE_STANDARD = "gnu++14";
				CLANG_CXX_LIBRARY = "libc++";
				CLANG_ENABLE_MODULES = YES;
				CLANG_ENABLE_OBJC_ARC = YES;
				CLANG_ENABLE_OBJC_WEAK = YES;
				CLANG_WARN_BLOCK_CAPTURE_AUTORELEASING = YES;
				CLANG_WARN_BOOL_CONVERSION = YES;
				CLANG_WARN_COMMA = YES;
				CLANG_WARN_CONSTANT_CONVERSION = YES;
				CLANG_WARN_DEPRECATED_OBJC_IMPLEMENTATIONS = YES;
				CLANG_WARN_DIRECT_OBJC_ISA_USAGE = YES_ERROR;
				CLANG_WARN_DOCUMENTATION_COMMENTS = YES;
				CLANG_WARN_EMPTY_BODY = YES;
				CLANG_WARN_ENUM_CONVERSION = YES;
				CLANG_WARN_INFINITE_RECURSION = YES;
				CLANG_WARN_INT_CONVERSION = YES;
				CLANG_WARN_NON_LITERAL_NULL_CONVERSION = YES;
				CLANG_WARN_OBJC_IMPLICIT_RETAIN_SELF = YES;
				CLANG_WARN_OBJC_LITERAL_CONVERSION = YES;
				CLANG_WARN_OBJC_ROOT_CLASS = YES_ERROR;
				CLANG_WARN_RANGE_LOOP_ANALYSIS = YES;
				CLANG_WARN_STRICT_PROTOTYPES = YES;
				CLANG_WARN_SUSPICIOUS_MOVE = YES;
				CLANG_WARN_UNGUARDED_AVAILABILITY = YES_AGGRESSIVE;
				CLANG_WARN_UNREACHABLE_CODE = YES;
				CLANG_WARN__DUPLICATE_METHOD_MATCH = YES;
				CODE_SIGN_STYLE = Automatic;
				COMBINE_HIDPI_IMAGES = YES;
				COPY_PHASE_STRIP = NO;
				DEBUG_INFORMATION_FORMAT = "dwarf-with-dsym";
				ENABLE_NS_ASSERTIONS = NO;
				ENABLE_STRICT_OBJC_MSGSEND = YES;
				GCC_C_LANGUAGE_STANDARD = gnu11;
				GCC_NO_COMMON_BLOCKS = YES;
				GCC_WARN_64_TO_32_BIT_CONVERSION = YES;
				GCC_WARN_ABOUT_RETURN_TYPE = YES_ERROR;
				GCC_WARN_UNDECLARED_SELECTOR = YES;
				GCC_WARN_UNINITIALIZED_AUTOS = YES_AGGRESSIVE;
				GCC_WARN_UNUSED_FUNCTION = YES;
				GCC_WARN_UNUSED_VARIABLE = YES;
				INSTALL_PATH = "$(LOCAL_LIBRARY_DIR)/Bundles";
				MACOSX_DEPLOYMENT_TARGET = 10.9;
				MTL_ENABLE_DEBUG_INFO = NO;
				MTL_FAST_MATH = YES;
				PRODUCT_BUNDLE_IDENTIFIER = "build-all";
				PRODUCT_NAME = "$(TARGET_NAME)";
				SDKROOT = macosx;
				SKIP_INSTALL = YES;
				WRAPPER_EXTENSION = bundle;
			};
			name = Deployment;
		};
		B26300C324FD31A80020ADCF /* Development */ = {
			isa = XCBuildConfiguration;
			baseConfigurationReference = 22CF10220EE984600054F513 /* maxmspsdk.xcconfig */;
			buildSettings = {
				CLANG_ENABLE_OBJC_WEAK = YES;
				COPY_PHASE_STRIP = NO;
				GCC_OPTIMIZATION_LEVEL = 0;
				OTHER_LDFLAGS = (
					"-framework",
					MaxAudioAPI,
					"$(C74_SYM_LINKER_FLAGS)",
				);
				PRODUCT_NAME = "mx-player~";
			};
			name = Development;
		};
		B26300C424FD31A80020ADCF /* Deployment */ = {
			isa = XCBuildConfiguration;
			baseConfigurationReference = 22CF10220EE984600054F513 /* maxmspsdk.xcconfig */;
			buildSettings = {
				CLANG_ENABLE_OBJC_WEAK = YES;
				COPY_PHASE_STRIP = YES;
				OTHER_LDFLAGS = (
					"-framework",
					MaxAudioAPI,
					"$(C74_SYM_LINKER_FLAGS)",
				);
				PRODUCT_NAME = "mx-player~";
			};
			name = Deployment;
		};
/* End XCBuildConfiguration section */

/* Begin XCConfigurationList section */
		2FBBEACF08F335010078DB84 /* Build configuration list for PBXProject "schillinger-externals" */ = {
			isa = XCConfigurationList;
			buildConfigurations = (
				2FBBEAD008F335010078DB84 /* Development */,
				2FBBEAD108F335010078DB84 /* Deployment */,
			);
			defaultConfigurationIsVisible = 0;
			defaultConfigurationName = Deployment;
		};
		2FBBEAE008F335360078DB84 /* Build configuration list for PBXNativeTarget "mx-patconv" */ = {
			isa = XCConfigurationList;
			buildConfigurations = (
				2FBBEAE108F335360078DB84 /* Development */,
				2FBBEAE208F335360078DB84 /* Deployment */,
			);
			defaultConfigurationIsVisible = 0;
			defaultConfigurationName = Deployment;
		};
		B21F637B24FD367E00EAA17D /* Build configuration list for PBXNativeTarget "build-all" */ = {
			isa = XCConfigurationList;
			buildConfigurations = (
				B21F637C24FD367E00EAA17D /* Development */,
				B21F637D24FD367E00EAA17D /* Deployment */,
			);
			defaultConfigurationIsVisible = 0;
			defaultConfigurationName = Deployment;
		};
		B26300C224FD31A80020ADCF /* Build configuration list for PBXNativeTarget "mx-player~" */ = {
			isa = XCConfigurationList;
			buildConfigurations = (
				B26300C324FD31A80020ADCF /* Development */,
				B26300C424FD31A80020ADCF /* Deployment */,
			);
			defaultConfigurationIsVisible = 0;
			defaultConfigurationName = Deployment;
		};
/* End XCConfigurationList section */
	};
	rootObject = 089C1669FE841209C02AAC07 /* Project object */;
}
